
Microsoft Visual Studio Solution File, Format Version 12.00
# Visual Studio Version 17
VisualStudioVersion = 17.9.34616.47
MinimumVisualStudioVersion = 10.0.40219.1
Project("{FAE04EC0-301F-11D3-BF4B-00C04F79EFBC}") = "MetodosLINQ", "MetodosLINQ\MetodosLINQ.csproj", "{B183F74B-EC5F-4CD0-A276-33ABDD4566EF}"
EndProject
Global
	GlobalSection(SolutionConfigurationPlatforms) = preSolution
		Debug|Any CPU = Debug|Any CPU
		Release|Any CPU = Release|Any CPU
	EndGlobalSection
	GlobalSection(ProjectConfigurationPlatforms) = postSolution
		{B183F74B-EC5F-4CD0-A276-33ABDD4566EF}.Debug|Any CPU.ActiveCfg = Debug|Any CPU
		{B183F74B-EC5F-4CD0-A276-33ABDD4566EF}.Debug|Any CPU.Build.0 = Debug|Any CPU
		{B183F74B-EC5F-4CD0-A276-33ABDD4566EF}.Release|Any CPU.ActiveCfg = Release|Any CPU
		{B183F74B-EC5F-4CD0-A276-33ABDD4566EF}.Release|Any CPU.Build.0 = Release|Any CPU
	EndGlobalSection
	GlobalSection(SolutionProperties) = preSolution
		HideSolutionNode = FALSE
	EndGlobalSection
	GlobalSection(ExtensibilityGlobals) = postSolution
		SolutionGuid = {25EC26CD-6F46-455C-8D95-83C47BB1E05E}
	EndGlobalSection
EndGlobal
